
Microsoft Visual Studio Solution File, Format Version 11.00
# Visual Studio 2010
Project("{8BC9CEB8-8B4A-11D0-8D11-00A0C91BC942}") = "(VERSION-X)", "(VERSION-X)\(VERSION-X).vcxproj", "{C98078A3-13E7-4BFB-BE58-BD8C50D39707}"
EndProject
Global
	GlobalSection(SolutionConfigurationPlatforms) = preSolution
		Debug|Win32 = Debug|Win32
		Release|Win32 = Release|Win32
	EndGlobalSection
	GlobalSection(ProjectConfigurationPlatforms) = postSolution
		{C98078A3-13E7-4BFB-BE58-BD8C50D39707}.Debug|Win32.ActiveCfg = Debug|Win32
		{C98078A3-13E7-4BFB-BE58-BD8C50D39707}.Debug|Win32.Build.0 = Debug|Win32
		{C98078A3-13E7-4BFB-BE58-BD8C50D39707}.Release|Win32.ActiveCfg = Release|Win32
		{C98078A3-13E7-4BFB-BE58-BD8C50D39707}.Release|Win32.Build.0 = Release|Win32
	EndGlobalSection
	GlobalSection(SolutionProperties) = preSolution
		HideSolutionNode = FALSE
	EndGlobalSection
EndGlobal
