<?xml version="1.0" encoding="utf-8"?>
<Project ToolsVersion="4.0" xmlns="http://schemas.microsoft.com/developer/msbuild/2003">
  <ItemGroup>
    <Filter Include="Source Files">
      <UniqueIdentifier>{4FC737F1-C7A5-4376-A066-2A32D752A2FF}</UniqueIdentifier>
      <Extensions>cpp;c;cc;cxx;def;odl;idl;hpj;bat;asm;asmx</Extensions>
    </Filter>
    <Filter Include="Header Files">
      <UniqueIdentifier>{93995380-89BD-4b04-88EB-625FBE52EBFB}</UniqueIdentifier>
      <Extensions>h;hpp;hxx;hm;inl;inc;xsd</Extensions>
    </Filter>
    <Filter Include="Resource Files">
      <UniqueIdentifier>{67DA6AB6-F800-4c08-8B7A-83BB121AAD01}</UniqueIdentifier>
      <Extensions>rc;ico;cur;bmp;dlg;rc2;rct;bin;rgs;gif;jpg;jpeg;jpe;resx;tiff;tif;png;wav;mfcribbon-ms</Extensions>
    </Filter>
    <Filter Include="Source Files\text">
      <UniqueIdentifier>{149e8408-cad7-4a3b-b267-d8e6070d5534}</UniqueIdentifier>
    </Filter>
    <Filter Include="Source Files\main">
      <UniqueIdentifier>{87be1fb2-28f2-44ff-a602-c94f70b25ae8}</UniqueIdentifier>
    </Filter>
  </ItemGroup>
  <ItemGroup>
    <ClCompile Include="CASHBOX.cpp">
      <Filter>Source Files</Filter>
    </ClCompile>
    <ClCompile Include="COMPUTER.cpp">
      <Filter>Source Files</Filter>
    </ClCompile>
    <ClCompile Include="INGENIER.cpp">
      <Filter>Source Files</Filter>
    </ClCompile>
    <ClCompile Include="PRINTER.cpp">
      <Filter>Source Files</Filter>
    </ClCompile>
    <ClCompile Include="SERVER.cpp">
      <Filter>Source Files</Filter>
    </ClCompile>
    <ClCompile Include="TERMIMAL.cpp">
      <Filter>Source Files</Filter>
    </ClCompile>
    <ClCompile Include="main.cpp">
      <Filter>Source Files\main</Filter>
    </ClCompile>
  </ItemGroup>
  <ItemGroup>
    <ClInclude Include="CASHBOX.h">
      <Filter>Header Files</Filter>
    </ClInclude>
    <ClInclude Include="SERVER.h">
      <Filter>Header Files</Filter>
    </ClInclude>
    <ClInclude Include="COMPUTER.h">
      <Filter>Header Files</Filter>
    </ClInclude>
    <ClInclude Include="PRINTER.h">
      <Filter>Header Files</Filter>
    </ClInclude>
    <ClInclude Include="Terminal.h">
      <Filter>Header Files</Filter>
    </ClInclude>
    <ClInclude Include="Engineer.h">
      <Filter>Header Files</Filter>
    </ClInclude>
    <ClInclude Include="define.h">
      <Filter>Header Files</Filter>
    </ClInclude>
  </ItemGroup>
  <ItemGroup>
    <None Include="cashboxC.txt">
      <Filter>Source Files\text</Filter>
    </None>
    <None Include="dirrections.txt">
      <Filter>Source Files\text</Filter>
    </None>
    <None Include="compC.txt">
      <Filter>Source Files\text</Filter>
    </None>
    <None Include="log.txt">
      <Filter>Source Files\text</Filter>
    </None>
    <None Include="printC.txt">
      <Filter>Source Files\text</Filter>
    </None>
  </ItemGroup>
</Project>